
Microsoft Visual Studio Solution File, Format Version 12.00
# Visual Studio 14
VisualStudioVersion = 14.0.25420.1
MinimumVisualStudioVersion = 10.0.40219.1
Project("{FAE04EC0-301F-11D3-BF4B-00C04F79EFBC}") = "FernandesBartender", "FernandesBartender\FernandesBartender\FernandesBartender.csproj", "{F13E9594-2A66-4B03-A755-4C42D76D5CD5}"
EndProject
Project("{FAE04EC0-301F-11D3-BF4B-00C04F79EFBC}") = "FernandesBartender.Droid", "FernandesBartender\FernandesBartender.Droid\FernandesBartender.Droid.csproj", "{79142624-DDD0-4C5C-AEE7-FBE40161E110}"
EndProject
Project("{FAE04EC0-301F-11D3-BF4B-00C04F79EFBC}") = "FernandesBartender.iOS", "FernandesBartender\FernandesBartender.iOS\FernandesBartender.iOS.csproj", "{56CAAA92-2847-442A-9E42-46950F1C68DF}"
EndProject
Project("{FAE04EC0-301F-11D3-BF4B-00C04F79EFBC}") = "FernandesBartender.WinPhone", "FernandesBartender\FernandesBartender.WinPhone\FernandesBartender.WinPhone.csproj", "{19024516-4CD1-4D7E-AC64-E24CA356B75E}"
EndProject
Project("{FAE04EC0-301F-11D3-BF4B-00C04F79EFBC}") = "FernandesBartender.UWP", "FernandesBartender\FernandesBartender.UWP\FernandesBartender.UWP.csproj", "{6BD9DE1D-03C4-4EEC-8313-EE67FCC8D736}"
EndProject
Project("{FAE04EC0-301F-11D3-BF4B-00C04F79EFBC}") = "FernandesBartender.Windows", "FernandesBartender\FernandesBartender.Windows\FernandesBartender.Windows.csproj", "{5A83ECB8-BD35-4827-982C-1356DB37BA68}"
EndProject
Global
	GlobalSection(SolutionConfigurationPlatforms) = preSolution
		Ad-Hoc|Any CPU = Ad-Hoc|Any CPU
		Ad-Hoc|ARM = Ad-Hoc|ARM
		Ad-Hoc|iPhone = Ad-Hoc|iPhone
		Ad-Hoc|iPhoneSimulator = Ad-Hoc|iPhoneSimulator
		Ad-Hoc|x64 = Ad-Hoc|x64
		Ad-Hoc|x86 = Ad-Hoc|x86
		AppStore|Any CPU = AppStore|Any CPU
		AppStore|ARM = AppStore|ARM
		AppStore|iPhone = AppStore|iPhone
		AppStore|iPhoneSimulator = AppStore|iPhoneSimulator
		AppStore|x64 = AppStore|x64
		AppStore|x86 = AppStore|x86
		Debug|Any CPU = Debug|Any CPU
		Debug|ARM = Debug|ARM
		Debug|iPhone = Debug|iPhone
		Debug|iPhoneSimulator = Debug|iPhoneSimulator
		Debug|x64 = Debug|x64
		Debug|x86 = Debug|x86
		Release|Any CPU = Release|Any CPU
		Release|ARM = Release|ARM
		Release|iPhone = Release|iPhone
		Release|iPhoneSimulator = Release|iPhoneSimulator
		Release|x64 = Release|x64
		Release|x86 = Release|x86
	EndGlobalSection
	GlobalSection(ProjectConfigurationPlatforms) = postSolution
		{F13E9594-2A66-4B03-A755-4C42D76D5CD5}.Ad-Hoc|Any CPU.ActiveCfg = Release|Any CPU
		{F13E9594-2A66-4B03-A755-4C42D76D5CD5}.Ad-Hoc|Any CPU.Build.0 = Release|Any CPU
		{F13E9594-2A66-4B03-A755-4C42D76D5CD5}.Ad-Hoc|ARM.ActiveCfg = Release|Any CPU
		{F13E9594-2A66-4B03-A755-4C42D76D5CD5}.Ad-Hoc|ARM.Build.0 = Release|Any CPU
		{F13E9594-2A66-4B03-A755-4C42D76D5CD5}.Ad-Hoc|iPhone.ActiveCfg = Release|Any CPU
		{F13E9594-2A66-4B03-A755-4C42D76D5CD5}.Ad-Hoc|iPhone.Build.0 = Release|Any CPU
		{F13E9594-2A66-4B03-A755-4C42D76D5CD5}.Ad-Hoc|iPhoneSimulator.ActiveCfg = Release|Any CPU
		{F13E9594-2A66-4B03-A755-4C42D76D5CD5}.Ad-Hoc|iPhoneSimulator.Build.0 = Release|Any CPU
		{F13E9594-2A66-4B03-A755-4C42D76D5CD5}.Ad-Hoc|x64.ActiveCfg = Release|Any CPU
		{F13E9594-2A66-4B03-A755-4C42D76D5CD5}.Ad-Hoc|x64.Build.0 = Release|Any CPU
		{F13E9594-2A66-4B03-A755-4C42D76D5CD5}.Ad-Hoc|x86.ActiveCfg = Release|Any CPU
		{F13E9594-2A66-4B03-A755-4C42D76D5CD5}.Ad-Hoc|x86.Build.0 = Release|Any CPU
		{F13E9594-2A66-4B03-A755-4C42D76D5CD5}.AppStore|Any CPU.ActiveCfg = Release|Any CPU
		{F13E9594-2A66-4B03-A755-4C42D76D5CD5}.AppStore|Any CPU.Build.0 = Release|Any CPU
		{F13E9594-2A66-4B03-A755-4C42D76D5CD5}.AppStore|ARM.ActiveCfg = Release|Any CPU
		{F13E9594-2A66-4B03-A755-4C42D76D5CD5}.AppStore|ARM.Build.0 = Release|Any CPU
		{F13E9594-2A66-4B03-A755-4C42D76D5CD5}.AppStore|iPhone.ActiveCfg = Release|Any CPU
		{F13E9594-2A66-4B03-A755-4C42D76D5CD5}.AppStore|iPhone.Build.0 = Release|Any CPU
		{F13E9594-2A66-4B03-A755-4C42D76D5CD5}.AppStore|iPhoneSimulator.ActiveCfg = Release|Any CPU
		{F13E9594-2A66-4B03-A755-4C42D76D5CD5}.AppStore|iPhoneSimulator.Build.0 = Release|Any CPU
		{F13E9594-2A66-4B03-A755-4C42D76D5CD5}.AppStore|x64.ActiveCfg = Release|Any CPU
		{F13E9594-2A66-4B03-A755-4C42D76D5CD5}.AppStore|x64.Build.0 = Release|Any CPU
		{F13E9594-2A66-4B03-A755-4C42D76D5CD5}.AppStore|x86.ActiveCfg = Release|Any CPU
		{F13E9594-2A66-4B03-A755-4C42D76D5CD5}.AppStore|x86.Build.0 = Release|Any CPU
		{F13E9594-2A66-4B03-A755-4C42D76D5CD5}.Debug|Any CPU.ActiveCfg = Debug|Any CPU
		{F13E9594-2A66-4B03-A755-4C42D76D5CD5}.Debug|Any CPU.Build.0 = Debug|Any CPU
		{F13E9594-2A66-4B03-A755-4C42D76D5CD5}.Debug|ARM.ActiveCfg = Debug|Any CPU
		{F13E9594-2A66-4B03-A755-4C42D76D5CD5}.Debug|ARM.Build.0 = Debug|Any CPU
		{F13E9594-2A66-4B03-A755-4C42D76D5CD5}.Debug|iPhone.ActiveCfg = Debug|Any CPU
		{F13E9594-2A66-4B03-A755-4C42D76D5CD5}.Debug|iPhone.Build.0 = Debug|Any CPU
		{F13E9594-2A66-4B03-A755-4C42D76D5CD5}.Debug|iPhoneSimulator.ActiveCfg = Debug|Any CPU
		{F13E9594-2A66-4B03-A755-4C42D76D5CD5}.Debug|iPhoneSimulator.Build.0 = Debug|Any CPU
		{F13E9594-2A66-4B03-A755-4C42D76D5CD5}.Debug|x64.ActiveCfg = Debug|Any CPU
		{F13E9594-2A66-4B03-A755-4C42D76D5CD5}.Debug|x64.Build.0 = Debug|Any CPU
		{F13E9594-2A66-4B03-A755-4C42D76D5CD5}.Debug|x86.ActiveCfg = Debug|Any CPU
		{F13E9594-2A66-4B03-A755-4C42D76D5CD5}.Debug|x86.Build.0 = Debug|Any CPU
		{F13E9594-2A66-4B03-A755-4C42D76D5CD5}.Release|Any CPU.ActiveCfg = Release|Any CPU
		{F13E9594-2A66-4B03-A755-4C42D76D5CD5}.Release|Any CPU.Build.0 = Release|Any CPU
		{F13E9594-2A66-4B03-A755-4C42D76D5CD5}.Release|ARM.ActiveCfg = Release|Any CPU
		{F13E9594-2A66-4B03-A755-4C42D76D5CD5}.Release|ARM.Build.0 = Release|Any CPU
		{F13E9594-2A66-4B03-A755-4C42D76D5CD5}.Release|iPhone.ActiveCfg = Release|Any CPU
		{F13E9594-2A66-4B03-A755-4C42D76D5CD5}.Release|iPhone.Build.0 = Release|Any CPU
		{F13E9594-2A66-4B03-A755-4C42D76D5CD5}.Release|iPhoneSimulator.ActiveCfg = Release|Any CPU
		{F13E9594-2A66-4B03-A755-4C42D76D5CD5}.Release|iPhoneSimulator.Build.0 = Release|Any CPU
		{F13E9594-2A66-4B03-A755-4C42D76D5CD5}.Release|x64.ActiveCfg = Release|Any CPU
		{F13E9594-2A66-4B03-A755-4C42D76D5CD5}.Release|x64.Build.0 = Release|Any CPU
		{F13E9594-2A66-4B03-A755-4C42D76D5CD5}.Release|x86.ActiveCfg = Release|Any CPU
		{F13E9594-2A66-4B03-A755-4C42D76D5CD5}.Release|x86.Build.0 = Release|Any CPU
		{79142624-DDD0-4C5C-AEE7-FBE40161E110}.Ad-Hoc|Any CPU.ActiveCfg = Release|Any CPU
		{79142624-DDD0-4C5C-AEE7-FBE40161E110}.Ad-Hoc|Any CPU.Build.0 = Release|Any CPU
		{79142624-DDD0-4C5C-AEE7-FBE40161E110}.Ad-Hoc|Any CPU.Deploy.0 = Release|Any CPU
		{79142624-DDD0-4C5C-AEE7-FBE40161E110}.Ad-Hoc|ARM.ActiveCfg = Release|Any CPU
		{79142624-DDD0-4C5C-AEE7-FBE40161E110}.Ad-Hoc|ARM.Build.0 = Release|Any CPU
		{79142624-DDD0-4C5C-AEE7-FBE40161E110}.Ad-Hoc|ARM.Deploy.0 = Release|Any CPU
		{79142624-DDD0-4C5C-AEE7-FBE40161E110}.Ad-Hoc|iPhone.ActiveCfg = Release|Any CPU
		{79142624-DDD0-4C5C-AEE7-FBE40161E110}.Ad-Hoc|iPhone.Build.0 = Release|Any CPU
		{79142624-DDD0-4C5C-AEE7-FBE40161E110}.Ad-Hoc|iPhone.Deploy.0 = Release|Any CPU
		{79142624-DDD0-4C5C-AEE7-FBE40161E110}.Ad-Hoc|iPhoneSimulator.ActiveCfg = Release|Any CPU
		{79142624-DDD0-4C5C-AEE7-FBE40161E110}.Ad-Hoc|iPhoneSimulator.Build.0 = Release|Any CPU
		{79142624-DDD0-4C5C-AEE7-FBE40161E110}.Ad-Hoc|iPhoneSimulator.Deploy.0 = Release|Any CPU
		{79142624-DDD0-4C5C-AEE7-FBE40161E110}.Ad-Hoc|x64.ActiveCfg = Release|Any CPU
		{79142624-DDD0-4C5C-AEE7-FBE40161E110}.Ad-Hoc|x64.Build.0 = Release|Any CPU
		{79142624-DDD0-4C5C-AEE7-FBE40161E110}.Ad-Hoc|x64.Deploy.0 = Release|Any CPU
		{79142624-DDD0-4C5C-AEE7-FBE40161E110}.Ad-Hoc|x86.ActiveCfg = Release|Any CPU
		{79142624-DDD0-4C5C-AEE7-FBE40161E110}.Ad-Hoc|x86.Build.0 = Release|Any CPU
		{79142624-DDD0-4C5C-AEE7-FBE40161E110}.Ad-Hoc|x86.Deploy.0 = Release|Any CPU
		{79142624-DDD0-4C5C-AEE7-FBE40161E110}.AppStore|Any CPU.ActiveCfg = Release|Any CPU
		{79142624-DDD0-4C5C-AEE7-FBE40161E110}.AppStore|Any CPU.Build.0 = Release|Any CPU
		{79142624-DDD0-4C5C-AEE7-FBE40161E110}.AppStore|Any CPU.Deploy.0 = Release|Any CPU
		{79142624-DDD0-4C5C-AEE7-FBE40161E110}.AppStore|ARM.ActiveCfg = Release|Any CPU
		{79142624-DDD0-4C5C-AEE7-FBE40161E110}.AppStore|ARM.Build.0 = Release|Any CPU
		{79142624-DDD0-4C5C-AEE7-FBE40161E110}.AppStore|ARM.Deploy.0 = Release|Any CPU
		{79142624-DDD0-4C5C-AEE7-FBE40161E110}.AppStore|iPhone.ActiveCfg = Release|Any CPU
		{79142624-DDD0-4C5C-AEE7-FBE40161E110}.AppStore|iPhone.Build.0 = Release|Any CPU
		{79142624-DDD0-4C5C-AEE7-FBE40161E110}.AppStore|iPhone.Deploy.0 = Release|Any CPU
		{79142624-DDD0-4C5C-AEE7-FBE40161E110}.AppStore|iPhoneSimulator.ActiveCfg = Release|Any CPU
		{79142624-DDD0-4C5C-AEE7-FBE40161E110}.AppStore|iPhoneSimulator.Build.0 = Release|Any CPU
		{79142624-DDD0-4C5C-AEE7-FBE40161E110}.AppStore|iPhoneSimulator.Deploy.0 = Release|Any CPU
		{79142624-DDD0-4C5C-AEE7-FBE40161E110}.AppStore|x64.ActiveCfg = Release|Any CPU
		{79142624-DDD0-4C5C-AEE7-FBE40161E110}.AppStore|x64.Build.0 = Release|Any CPU
		{79142624-DDD0-4C5C-AEE7-FBE40161E110}.AppStore|x64.Deploy.0 = Release|Any CPU
		{79142624-DDD0-4C5C-AEE7-FBE40161E110}.AppStore|x86.ActiveCfg = Release|Any CPU
		{79142624-DDD0-4C5C-AEE7-FBE40161E110}.AppStore|x86.Build.0 = Release|Any CPU
		{79142624-DDD0-4C5C-AEE7-FBE40161E110}.AppStore|x86.Deploy.0 = Release|Any CPU
		{79142624-DDD0-4C5C-AEE7-FBE40161E110}.Debug|Any CPU.ActiveCfg = Debug|Any CPU
		{79142624-DDD0-4C5C-AEE7-FBE40161E110}.Debug|Any CPU.Build.0 = Debug|Any CPU
		{79142624-DDD0-4C5C-AEE7-FBE40161E110}.Debug|Any CPU.Deploy.0 = Debug|Any CPU
		{79142624-DDD0-4C5C-AEE7-FBE40161E110}.Debug|ARM.ActiveCfg = Debug|Any CPU
		{79142624-DDD0-4C5C-AEE7-FBE40161E110}.Debug|ARM.Build.0 = Debug|Any CPU
		{79142624-DDD0-4C5C-AEE7-FBE40161E110}.Debug|ARM.Deploy.0 = Debug|Any CPU
		{79142624-DDD0-4C5C-AEE7-FBE40161E110}.Debug|iPhone.ActiveCfg = Debug|Any CPU
		{79142624-DDD0-4C5C-AEE7-FBE40161E110}.Debug|iPhone.Build.0 = Debug|Any CPU
		{79142624-DDD0-4C5C-AEE7-FBE40161E110}.Debug|iPhone.Deploy.0 = Debug|Any CPU
		{79142624-DDD0-4C5C-AEE7-FBE40161E110}.Debug|iPhoneSimulator.ActiveCfg = Debug|Any CPU
		{79142624-DDD0-4C5C-AEE7-FBE40161E110}.Debug|iPhoneSimulator.Build.0 = Debug|Any CPU
		{79142624-DDD0-4C5C-AEE7-FBE40161E110}.Debug|iPhoneSimulator.Deploy.0 = Debug|Any CPU
		{79142624-DDD0-4C5C-AEE7-FBE40161E110}.Debug|x64.ActiveCfg = Debug|Any CPU
		{79142624-DDD0-4C5C-AEE7-FBE40161E110}.Debug|x64.Build.0 = Debug|Any CPU
		{79142624-DDD0-4C5C-AEE7-FBE40161E110}.Debug|x64.Deploy.0 = Debug|Any CPU
		{79142624-DDD0-4C5C-AEE7-FBE40161E110}.Debug|x86.ActiveCfg = Debug|Any CPU
		{79142624-DDD0-4C5C-AEE7-FBE40161E110}.Debug|x86.Build.0 = Debug|Any CPU
		{79142624-DDD0-4C5C-AEE7-FBE40161E110}.Debug|x86.Deploy.0 = Debug|Any CPU
		{79142624-DDD0-4C5C-AEE7-FBE40161E110}.Release|Any CPU.ActiveCfg = Release|Any CPU
		{79142624-DDD0-4C5C-AEE7-FBE40161E110}.Release|Any CPU.Build.0 = Release|Any CPU
		{79142624-DDD0-4C5C-AEE7-FBE40161E110}.Release|Any CPU.Deploy.0 = Release|Any CPU
		{79142624-DDD0-4C5C-AEE7-FBE40161E110}.Release|ARM.ActiveCfg = Release|Any CPU
		{79142624-DDD0-4C5C-AEE7-FBE40161E110}.Release|ARM.Build.0 = Release|Any CPU
		{79142624-DDD0-4C5C-AEE7-FBE40161E110}.Release|ARM.Deploy.0 = Release|Any CPU
		{79142624-DDD0-4C5C-AEE7-FBE40161E110}.Release|iPhone.ActiveCfg = Release|Any CPU
		{79142624-DDD0-4C5C-AEE7-FBE40161E110}.Release|iPhone.Build.0 = Release|Any CPU
		{79142624-DDD0-4C5C-AEE7-FBE40161E110}.Release|iPhone.Deploy.0 = Release|Any CPU
		{79142624-DDD0-4C5C-AEE7-FBE40161E110}.Release|iPhoneSimulator.ActiveCfg = Release|Any CPU
		{79142624-DDD0-4C5C-AEE7-FBE40161E110}.Release|iPhoneSimulator.Build.0 = Release|Any CPU
		{79142624-DDD0-4C5C-AEE7-FBE40161E110}.Release|iPhoneSimulator.Deploy.0 = Release|Any CPU
		{79142624-DDD0-4C5C-AEE7-FBE40161E110}.Release|x64.ActiveCfg = Release|Any CPU
		{79142624-DDD0-4C5C-AEE7-FBE40161E110}.Release|x64.Build.0 = Release|Any CPU
		{79142624-DDD0-4C5C-AEE7-FBE40161E110}.Release|x64.Deploy.0 = Release|Any CPU
		{79142624-DDD0-4C5C-AEE7-FBE40161E110}.Release|x86.ActiveCfg = Release|Any CPU
		{79142624-DDD0-4C5C-AEE7-FBE40161E110}.Release|x86.Build.0 = Release|Any CPU
		{79142624-DDD0-4C5C-AEE7-FBE40161E110}.Release|x86.Deploy.0 = Release|Any CPU
		{56CAAA92-2847-442A-9E42-46950F1C68DF}.Ad-Hoc|Any CPU.ActiveCfg = Ad-Hoc|iPhone
		{56CAAA92-2847-442A-9E42-46950F1C68DF}.Ad-Hoc|ARM.ActiveCfg = Ad-Hoc|iPhone
		{56CAAA92-2847-442A-9E42-46950F1C68DF}.Ad-Hoc|iPhone.ActiveCfg = Ad-Hoc|iPhone
		{56CAAA92-2847-442A-9E42-46950F1C68DF}.Ad-Hoc|iPhone.Build.0 = Ad-Hoc|iPhone
		{56CAAA92-2847-442A-9E42-46950F1C68DF}.Ad-Hoc|iPhoneSimulator.ActiveCfg = Ad-Hoc|iPhoneSimulator
		{56CAAA92-2847-442A-9E42-46950F1C68DF}.Ad-Hoc|iPhoneSimulator.Build.0 = Ad-Hoc|iPhoneSimulator
		{56CAAA92-2847-442A-9E42-46950F1C68DF}.Ad-Hoc|x64.ActiveCfg = Ad-Hoc|iPhone
		{56CAAA92-2847-442A-9E42-46950F1C68DF}.Ad-Hoc|x86.ActiveCfg = Ad-Hoc|iPhone
		{56CAAA92-2847-442A-9E42-46950F1C68DF}.AppStore|Any CPU.ActiveCfg = AppStore|iPhone
		{56CAAA92-2847-442A-9E42-46950F1C68DF}.AppStore|ARM.ActiveCfg = AppStore|iPhone
		{56CAAA92-2847-442A-9E42-46950F1C68DF}.AppStore|iPhone.ActiveCfg = AppStore|iPhone
		{56CAAA92-2847-442A-9E42-46950F1C68DF}.AppStore|iPhone.Build.0 = AppStore|iPhone
		{56CAAA92-2847-442A-9E42-46950F1C68DF}.AppStore|iPhoneSimulator.ActiveCfg = AppStore|iPhoneSimulator
		{56CAAA92-2847-442A-9E42-46950F1C68DF}.AppStore|iPhoneSimulator.Build.0 = AppStore|iPhoneSimulator
		{56CAAA92-2847-442A-9E42-46950F1C68DF}.AppStore|x64.ActiveCfg = AppStore|iPhone
		{56CAAA92-2847-442A-9E42-46950F1C68DF}.AppStore|x86.ActiveCfg = AppStore|iPhone
		{56CAAA92-2847-442A-9E42-46950F1C68DF}.Debug|Any CPU.ActiveCfg = Debug|iPhone
		{56CAAA92-2847-442A-9E42-46950F1C68DF}.Debug|ARM.ActiveCfg = Debug|iPhone
		{56CAAA92-2847-442A-9E42-46950F1C68DF}.Debug|iPhone.ActiveCfg = Debug|iPhone
		{56CAAA92-2847-442A-9E42-46950F1C68DF}.Debug|iPhone.Build.0 = Debug|iPhone
		{56CAAA92-2847-442A-9E42-46950F1C68DF}.Debug|iPhoneSimulator.ActiveCfg = Debug|iPhoneSimulator
		{56CAAA92-2847-442A-9E42-46950F1C68DF}.Debug|iPhoneSimulator.Build.0 = Debug|iPhoneSimulator
		{56CAAA92-2847-442A-9E42-46950F1C68DF}.Debug|x64.ActiveCfg = Debug|iPhone
		{56CAAA92-2847-442A-9E42-46950F1C68DF}.Debug|x86.ActiveCfg = Debug|iPhone
		{56CAAA92-2847-442A-9E42-46950F1C68DF}.Release|Any CPU.ActiveCfg = Release|iPhone
		{56CAAA92-2847-442A-9E42-46950F1C68DF}.Release|ARM.ActiveCfg = Release|iPhone
		{56CAAA92-2847-442A-9E42-46950F1C68DF}.Release|iPhone.ActiveCfg = Release|iPhone
		{56CAAA92-2847-442A-9E42-46950F1C68DF}.Release|iPhone.Build.0 = Release|iPhone
		{56CAAA92-2847-442A-9E42-46950F1C68DF}.Release|iPhoneSimulator.ActiveCfg = Release|iPhoneSimulator
		{56CAAA92-2847-442A-9E42-46950F1C68DF}.Release|iPhoneSimulator.Build.0 = Release|iPhoneSimulator
		{56CAAA92-2847-442A-9E42-46950F1C68DF}.Release|x64.ActiveCfg = Release|iPhone
		{56CAAA92-2847-442A-9E42-46950F1C68DF}.Release|x86.ActiveCfg = Release|iPhone
		{19024516-4CD1-4D7E-AC64-E24CA356B75E}.Ad-Hoc|Any CPU.ActiveCfg = Release|Any CPU
		{19024516-4CD1-4D7E-AC64-E24CA356B75E}.Ad-Hoc|Any CPU.Build.0 = Release|Any CPU
		{19024516-4CD1-4D7E-AC64-E24CA356B75E}.Ad-Hoc|Any CPU.Deploy.0 = Release|Any CPU
		{19024516-4CD1-4D7E-AC64-E24CA356B75E}.Ad-Hoc|ARM.ActiveCfg = Release|ARM
		{19024516-4CD1-4D7E-AC64-E24CA356B75E}.Ad-Hoc|ARM.Build.0 = Release|ARM
		{19024516-4CD1-4D7E-AC64-E24CA356B75E}.Ad-Hoc|ARM.Deploy.0 = Release|ARM
		{19024516-4CD1-4D7E-AC64-E24CA356B75E}.Ad-Hoc|iPhone.ActiveCfg = Release|Any CPU
		{19024516-4CD1-4D7E-AC64-E24CA356B75E}.Ad-Hoc|iPhone.Build.0 = Release|Any CPU
		{19024516-4CD1-4D7E-AC64-E24CA356B75E}.Ad-Hoc|iPhone.Deploy.0 = Release|Any CPU
		{19024516-4CD1-4D7E-AC64-E24CA356B75E}.Ad-Hoc|iPhoneSimulator.ActiveCfg = Release|Any CPU
		{19024516-4CD1-4D7E-AC64-E24CA356B75E}.Ad-Hoc|iPhoneSimulator.Build.0 = Release|Any CPU
		{19024516-4CD1-4D7E-AC64-E24CA356B75E}.Ad-Hoc|iPhoneSimulator.Deploy.0 = Release|Any CPU
		{19024516-4CD1-4D7E-AC64-E24CA356B75E}.Ad-Hoc|x64.ActiveCfg = Release|Any CPU
		{19024516-4CD1-4D7E-AC64-E24CA356B75E}.Ad-Hoc|x64.Build.0 = Release|Any CPU
		{19024516-4CD1-4D7E-AC64-E24CA356B75E}.Ad-Hoc|x64.Deploy.0 = Release|Any CPU
		{19024516-4CD1-4D7E-AC64-E24CA356B75E}.Ad-Hoc|x86.ActiveCfg = Release|x86
		{19024516-4CD1-4D7E-AC64-E24CA356B75E}.Ad-Hoc|x86.Build.0 = Release|x86
		{19024516-4CD1-4D7E-AC64-E24CA356B75E}.Ad-Hoc|x86.Deploy.0 = Release|x86
		{19024516-4CD1-4D7E-AC64-E24CA356B75E}.AppStore|Any CPU.ActiveCfg = Release|Any CPU
		{19024516-4CD1-4D7E-AC64-E24CA356B75E}.AppStore|Any CPU.Build.0 = Release|Any CPU
		{19024516-4CD1-4D7E-AC64-E24CA356B75E}.AppStore|Any CPU.Deploy.0 = Release|Any CPU
		{19024516-4CD1-4D7E-AC64-E24CA356B75E}.AppStore|ARM.ActiveCfg = Release|ARM
		{19024516-4CD1-4D7E-AC64-E24CA356B75E}.AppStore|ARM.Build.0 = Release|ARM
		{19024516-4CD1-4D7E-AC64-E24CA356B75E}.AppStore|ARM.Deploy.0 = Release|ARM
		{19024516-4CD1-4D7E-AC64-E24CA356B75E}.AppStore|iPhone.ActiveCfg = Release|Any CPU
		{19024516-4CD1-4D7E-AC64-E24CA356B75E}.AppStore|iPhone.Build.0 = Release|Any CPU
		{19024516-4CD1-4D7E-AC64-E24CA356B75E}.AppStore|iPhone.Deploy.0 = Release|Any CPU
		{19024516-4CD1-4D7E-AC64-E24CA356B75E}.AppStore|iPhoneSimulator.ActiveCfg = Release|Any CPU
		{19024516-4CD1-4D7E-AC64-E24CA356B75E}.AppStore|iPhoneSimulator.Build.0 = Release|Any CPU
		{19024516-4CD1-4D7E-AC64-E24CA356B75E}.AppStore|iPhoneSimulator.Deploy.0 = Release|Any CPU
		{19024516-4CD1-4D7E-AC64-E24CA356B75E}.AppStore|x64.ActiveCfg = Release|Any CPU
		{19024516-4CD1-4D7E-AC64-E24CA356B75E}.AppStore|x64.Build.0 = Release|Any CPU
		{19024516-4CD1-4D7E-AC64-E24CA356B75E}.AppStore|x64.Deploy.0 = Release|Any CPU
		{19024516-4CD1-4D7E-AC64-E24CA356B75E}.AppStore|x86.ActiveCfg = Release|x86
		{19024516-4CD1-4D7E-AC64-E24CA356B75E}.AppStore|x86.Build.0 = Release|x86
		{19024516-4CD1-4D7E-AC64-E24CA356B75E}.AppStore|x86.Deploy.0 = Release|x86
		{19024516-4CD1-4D7E-AC64-E24CA356B75E}.Debug|Any CPU.ActiveCfg = Debug|Any CPU
		{19024516-4CD1-4D7E-AC64-E24CA356B75E}.Debug|Any CPU.Build.0 = Debug|Any CPU
		{19024516-4CD1-4D7E-AC64-E24CA356B75E}.Debug|Any CPU.Deploy.0 = Debug|Any CPU
		{19024516-4CD1-4D7E-AC64-E24CA356B75E}.Debug|ARM.ActiveCfg = Debug|ARM
		{19024516-4CD1-4D7E-AC64-E24CA356B75E}.Debug|ARM.Build.0 = Debug|ARM
		{19024516-4CD1-4D7E-AC64-E24CA356B75E}.Debug|ARM.Deploy.0 = Debug|ARM
		{19024516-4CD1-4D7E-AC64-E24CA356B75E}.Debug|iPhone.ActiveCfg = Debug|Any CPU
		{19024516-4CD1-4D7E-AC64-E24CA356B75E}.Debug|iPhone.Build.0 = Debug|Any CPU
		{19024516-4CD1-4D7E-AC64-E24CA356B75E}.Debug|iPhone.Deploy.0 = Debug|Any CPU
		{19024516-4CD1-4D7E-AC64-E24CA356B75E}.Debug|iPhoneSimulator.ActiveCfg = Debug|Any CPU
		{19024516-4CD1-4D7E-AC64-E24CA356B75E}.Debug|iPhoneSimulator.Build.0 = Debug|Any CPU
		{19024516-4CD1-4D7E-AC64-E24CA356B75E}.Debug|iPhoneSimulator.Deploy.0 = Debug|Any CPU
		{19024516-4CD1-4D7E-AC64-E24CA356B75E}.Debug|x64.ActiveCfg = Debug|Any CPU
		{19024516-4CD1-4D7E-AC64-E24CA356B75E}.Debug|x64.Build.0 = Debug|Any CPU
		{19024516-4CD1-4D7E-AC64-E24CA356B75E}.Debug|x64.Deploy.0 = Debug|Any CPU
		{19024516-4CD1-4D7E-AC64-E24CA356B75E}.Debug|x86.ActiveCfg = Debug|x86
		{19024516-4CD1-4D7E-AC64-E24CA356B75E}.Debug|x86.Build.0 = Debug|x86
		{19024516-4CD1-4D7E-AC64-E24CA356B75E}.Debug|x86.Deploy.0 = Debug|x86
		{19024516-4CD1-4D7E-AC64-E24CA356B75E}.Release|Any CPU.ActiveCfg = Release|Any CPU
		{19024516-4CD1-4D7E-AC64-E24CA356B75E}.Release|Any CPU.Build.0 = Release|Any CPU
		{19024516-4CD1-4D7E-AC64-E24CA356B75E}.Release|Any CPU.Deploy.0 = Release|Any CPU
		{19024516-4CD1-4D7E-AC64-E24CA356B75E}.Release|ARM.ActiveCfg = Release|ARM
		{19024516-4CD1-4D7E-AC64-E24CA356B75E}.Release|ARM.Build.0 = Release|ARM
		{19024516-4CD1-4D7E-AC64-E24CA356B75E}.Release|ARM.Deploy.0 = Release|ARM
		{19024516-4CD1-4D7E-AC64-E24CA356B75E}.Release|iPhone.ActiveCfg = Release|Any CPU
		{19024516-4CD1-4D7E-AC64-E24CA356B75E}.Release|iPhone.Build.0 = Release|Any CPU
		{19024516-4CD1-4D7E-AC64-E24CA356B75E}.Release|iPhone.Deploy.0 = Release|Any CPU
		{19024516-4CD1-4D7E-AC64-E24CA356B75E}.Release|iPhoneSimulator.ActiveCfg = Release|Any CPU
		{19024516-4CD1-4D7E-AC64-E24CA356B75E}.Release|iPhoneSimulator.Build.0 = Release|Any CPU
		{19024516-4CD1-4D7E-AC64-E24CA356B75E}.Release|iPhoneSimulator.Deploy.0 = Release|Any CPU
		{19024516-4CD1-4D7E-AC64-E24CA356B75E}.Release|x64.ActiveCfg = Release|Any CPU
		{19024516-4CD1-4D7E-AC64-E24CA356B75E}.Release|x64.Build.0 = Release|Any CPU
		{19024516-4CD1-4D7E-AC64-E24CA356B75E}.Release|x64.Deploy.0 = Release|Any CPU
		{19024516-4CD1-4D7E-AC64-E24CA356B75E}.Release|x86.ActiveCfg = Release|x86
		{19024516-4CD1-4D7E-AC64-E24CA356B75E}.Release|x86.Build.0 = Release|x86
		{19024516-4CD1-4D7E-AC64-E24CA356B75E}.Release|x86.Deploy.0 = Release|x86
		{6BD9DE1D-03C4-4EEC-8313-EE67FCC8D736}.Ad-Hoc|Any CPU.ActiveCfg = Release|x86
		{6BD9DE1D-03C4-4EEC-8313-EE67FCC8D736}.Ad-Hoc|Any CPU.Build.0 = Release|x86
		{6BD9DE1D-03C4-4EEC-8313-EE67FCC8D736}.Ad-Hoc|Any CPU.Deploy.0 = Release|x86
		{6BD9DE1D-03C4-4EEC-8313-EE67FCC8D736}.Ad-Hoc|ARM.ActiveCfg = Release|ARM
		{6BD9DE1D-03C4-4EEC-8313-EE67FCC8D736}.Ad-Hoc|ARM.Build.0 = Release|ARM
		{6BD9DE1D-03C4-4EEC-8313-EE67FCC8D736}.Ad-Hoc|ARM.Deploy.0 = Release|ARM
		{6BD9DE1D-03C4-4EEC-8313-EE67FCC8D736}.Ad-Hoc|iPhone.ActiveCfg = Release|x86
		{6BD9DE1D-03C4-4EEC-8313-EE67FCC8D736}.Ad-Hoc|iPhone.Build.0 = Release|x86
		{6BD9DE1D-03C4-4EEC-8313-EE67FCC8D736}.Ad-Hoc|iPhone.Deploy.0 = Release|x86
		{6BD9DE1D-03C4-4EEC-8313-EE67FCC8D736}.Ad-Hoc|iPhoneSimulator.ActiveCfg = Release|x86
		{6BD9DE1D-03C4-4EEC-8313-EE67FCC8D736}.Ad-Hoc|iPhoneSimulator.Build.0 = Release|x86
		{6BD9DE1D-03C4-4EEC-8313-EE67FCC8D736}.Ad-Hoc|iPhoneSimulator.Deploy.0 = Release|x86
		{6BD9DE1D-03C4-4EEC-8313-EE67FCC8D736}.Ad-Hoc|x64.ActiveCfg = Release|x64
		{6BD9DE1D-03C4-4EEC-8313-EE67FCC8D736}.Ad-Hoc|x64.Build.0 = Release|x64
		{6BD9DE1D-03C4-4EEC-8313-EE67FCC8D736}.Ad-Hoc|x64.Deploy.0 = Release|x64
		{6BD9DE1D-03C4-4EEC-8313-EE67FCC8D736}.Ad-Hoc|x86.ActiveCfg = Release|x86
		{6BD9DE1D-03C4-4EEC-8313-EE67FCC8D736}.Ad-Hoc|x86.Build.0 = Release|x86
		{6BD9DE1D-03C4-4EEC-8313-EE67FCC8D736}.Ad-Hoc|x86.Deploy.0 = Release|x86
		{6BD9DE1D-03C4-4EEC-8313-EE67FCC8D736}.AppStore|Any CPU.ActiveCfg = Release|x86
		{6BD9DE1D-03C4-4EEC-8313-EE67FCC8D736}.AppStore|Any CPU.Build.0 = Release|x86
		{6BD9DE1D-03C4-4EEC-8313-EE67FCC8D736}.AppStore|Any CPU.Deploy.0 = Release|x86
		{6BD9DE1D-03C4-4EEC-8313-EE67FCC8D736}.AppStore|ARM.ActiveCfg = Release|ARM
		{6BD9DE1D-03C4-4EEC-8313-EE67FCC8D736}.AppStore|ARM.Build.0 = Release|ARM
		{6BD9DE1D-03C4-4EEC-8313-EE67FCC8D736}.AppStore|ARM.Deploy.0 = Release|ARM
		{6BD9DE1D-03C4-4EEC-8313-EE67FCC8D736}.AppStore|iPhone.ActiveCfg = Release|x86
		{6BD9DE1D-03C4-4EEC-8313-EE67FCC8D736}.AppStore|iPhone.Build.0 = Release|x86
		{6BD9DE1D-03C4-4EEC-8313-EE67FCC8D736}.AppStore|iPhone.Deploy.0 = Release|x86
		{6BD9DE1D-03C4-4EEC-8313-EE67FCC8D736}.AppStore|iPhoneSimulator.ActiveCfg = Release|x86
		{6BD9DE1D-03C4-4EEC-8313-EE67FCC8D736}.AppStore|iPhoneSimulator.Build.0 = Release|x86
		{6BD9DE1D-03C4-4EEC-8313-EE67FCC8D736}.AppStore|iPhoneSimulator.Deploy.0 = Release|x86
		{6BD9DE1D-03C4-4EEC-8313-EE67FCC8D736}.AppStore|x64.ActiveCfg = Release|x64
		{6BD9DE1D-03C4-4EEC-8313-EE67FCC8D736}.AppStore|x64.Build.0 = Release|x64
		{6BD9DE1D-03C4-4EEC-8313-EE67FCC8D736}.AppStore|x64.Deploy.0 = Release|x64
		{6BD9DE1D-03C4-4EEC-8313-EE67FCC8D736}.AppStore|x86.ActiveCfg = Release|x86
		{6BD9DE1D-03C4-4EEC-8313-EE67FCC8D736}.AppStore|x86.Build.0 = Release|x86
		{6BD9DE1D-03C4-4EEC-8313-EE67FCC8D736}.AppStore|x86.Deploy.0 = Release|x86
		{6BD9DE1D-03C4-4EEC-8313-EE67FCC8D736}.Debug|Any CPU.ActiveCfg = Debug|x86
		{6BD9DE1D-03C4-4EEC-8313-EE67FCC8D736}.Debug|ARM.ActiveCfg = Debug|ARM
		{6BD9DE1D-03C4-4EEC-8313-EE67FCC8D736}.Debug|ARM.Build.0 = Debug|ARM
		{6BD9DE1D-03C4-4EEC-8313-EE67FCC8D736}.Debug|ARM.Deploy.0 = Debug|ARM
		{6BD9DE1D-03C4-4EEC-8313-EE67FCC8D736}.Debug|iPhone.ActiveCfg = Debug|x86
		{6BD9DE1D-03C4-4EEC-8313-EE67FCC8D736}.Debug|iPhoneSimulator.ActiveCfg = Debug|x86
		{6BD9DE1D-03C4-4EEC-8313-EE67FCC8D736}.Debug|x64.ActiveCfg = Debug|x64
		{6BD9DE1D-03C4-4EEC-8313-EE67FCC8D736}.Debug|x64.Build.0 = Debug|x64
		{6BD9DE1D-03C4-4EEC-8313-EE67FCC8D736}.Debug|x64.Deploy.0 = Debug|x64
		{6BD9DE1D-03C4-4EEC-8313-EE67FCC8D736}.Debug|x86.ActiveCfg = Debug|x86
		{6BD9DE1D-03C4-4EEC-8313-EE67FCC8D736}.Debug|x86.Build.0 = Debug|x86
		{6BD9DE1D-03C4-4EEC-8313-EE67FCC8D736}.Debug|x86.Deploy.0 = Debug|x86
		{6BD9DE1D-03C4-4EEC-8313-EE67FCC8D736}.Release|Any CPU.ActiveCfg = Release|x86
		{6BD9DE1D-03C4-4EEC-8313-EE67FCC8D736}.Release|ARM.ActiveCfg = Release|ARM
		{6BD9DE1D-03C4-4EEC-8313-EE67FCC8D736}.Release|ARM.Build.0 = Release|ARM
		{6BD9DE1D-03C4-4EEC-8313-EE67FCC8D736}.Release|ARM.Deploy.0 = Release|ARM
		{6BD9DE1D-03C4-4EEC-8313-EE67FCC8D736}.Release|iPhone.ActiveCfg = Release|x86
		{6BD9DE1D-03C4-4EEC-8313-EE67FCC8D736}.Release|iPhoneSimulator.ActiveCfg = Release|x86
		{6BD9DE1D-03C4-4EEC-8313-EE67FCC8D736}.Release|x64.ActiveCfg = Release|x64
		{6BD9DE1D-03C4-4EEC-8313-EE67FCC8D736}.Release|x64.Build.0 = Release|x64
		{6BD9DE1D-03C4-4EEC-8313-EE67FCC8D736}.Release|x64.Deploy.0 = Release|x64
		{6BD9DE1D-03C4-4EEC-8313-EE67FCC8D736}.Release|x86.ActiveCfg = Release|x86
		{6BD9DE1D-03C4-4EEC-8313-EE67FCC8D736}.Release|x86.Build.0 = Release|x86
		{6BD9DE1D-03C4-4EEC-8313-EE67FCC8D736}.Release|x86.Deploy.0 = Release|x86
		{5A83ECB8-BD35-4827-982C-1356DB37BA68}.Ad-Hoc|Any CPU.ActiveCfg = Release|Any CPU
		{5A83ECB8-BD35-4827-982C-1356DB37BA68}.Ad-Hoc|Any CPU.Build.0 = Release|Any CPU
		{5A83ECB8-BD35-4827-982C-1356DB37BA68}.Ad-Hoc|Any CPU.Deploy.0 = Release|Any CPU
		{5A83ECB8-BD35-4827-982C-1356DB37BA68}.Ad-Hoc|ARM.ActiveCfg = Release|ARM
		{5A83ECB8-BD35-4827-982C-1356DB37BA68}.Ad-Hoc|ARM.Build.0 = Release|ARM
		{5A83ECB8-BD35-4827-982C-1356DB37BA68}.Ad-Hoc|ARM.Deploy.0 = Release|ARM
		{5A83ECB8-BD35-4827-982C-1356DB37BA68}.Ad-Hoc|iPhone.ActiveCfg = Release|Any CPU
		{5A83ECB8-BD35-4827-982C-1356DB37BA68}.Ad-Hoc|iPhone.Build.0 = Release|Any CPU
		{5A83ECB8-BD35-4827-982C-1356DB37BA68}.Ad-Hoc|iPhone.Deploy.0 = Release|Any CPU
		{5A83ECB8-BD35-4827-982C-1356DB37BA68}.Ad-Hoc|iPhoneSimulator.ActiveCfg = Release|Any CPU
		{5A83ECB8-BD35-4827-982C-1356DB37BA68}.Ad-Hoc|iPhoneSimulator.Build.0 = Release|Any CPU
		{5A83ECB8-BD35-4827-982C-1356DB37BA68}.Ad-Hoc|iPhoneSimulator.Deploy.0 = Release|Any CPU
		{5A83ECB8-BD35-4827-982C-1356DB37BA68}.Ad-Hoc|x64.ActiveCfg = Release|x64
		{5A83ECB8-BD35-4827-982C-1356DB37BA68}.Ad-Hoc|x64.Build.0 = Release|x64
		{5A83ECB8-BD35-4827-982C-1356DB37BA68}.Ad-Hoc|x64.Deploy.0 = Release|x64
		{5A83ECB8-BD35-4827-982C-1356DB37BA68}.Ad-Hoc|x86.ActiveCfg = Release|x86
		{5A83ECB8-BD35-4827-982C-1356DB37BA68}.Ad-Hoc|x86.Build.0 = Release|x86
		{5A83ECB8-BD35-4827-982C-1356DB37BA68}.Ad-Hoc|x86.Deploy.0 = Release|x86
		{5A83ECB8-BD35-4827-982C-1356DB37BA68}.AppStore|Any CPU.ActiveCfg = Release|Any CPU
		{5A83ECB8-BD35-4827-982C-1356DB37BA68}.AppStore|Any CPU.Build.0 = Release|Any CPU
		{5A83ECB8-BD35-4827-982C-1356DB37BA68}.AppStore|Any CPU.Deploy.0 = Release|Any CPU
		{5A83ECB8-BD35-4827-982C-1356DB37BA68}.AppStore|ARM.ActiveCfg = Release|ARM
		{5A83ECB8-BD35-4827-982C-1356DB37BA68}.AppStore|ARM.Build.0 = Release|ARM
		{5A83ECB8-BD35-4827-982C-1356DB37BA68}.AppStore|ARM.Deploy.0 = Release|ARM
		{5A83ECB8-BD35-4827-982C-1356DB37BA68}.AppStore|iPhone.ActiveCfg = Release|Any CPU
		{5A83ECB8-BD35-4827-982C-1356DB37BA68}.AppStore|iPhone.Build.0 = Release|Any CPU
		{5A83ECB8-BD35-4827-982C-1356DB37BA68}.AppStore|iPhone.Deploy.0 = Release|Any CPU
		{5A83ECB8-BD35-4827-982C-1356DB37BA68}.AppStore|iPhoneSimulator.ActiveCfg = Release|Any CPU
		{5A83ECB8-BD35-4827-982C-1356DB37BA68}.AppStore|iPhoneSimulator.Build.0 = Release|Any CPU
		{5A83ECB8-BD35-4827-982C-1356DB37BA68}.AppStore|iPhoneSimulator.Deploy.0 = Release|Any CPU
		{5A83ECB8-BD35-4827-982C-1356DB37BA68}.AppStore|x64.ActiveCfg = Release|x64
		{5A83ECB8-BD35-4827-982C-1356DB37BA68}.AppStore|x64.Build.0 = Release|x64
		{5A83ECB8-BD35-4827-982C-1356DB37BA68}.AppStore|x64.Deploy.0 = Release|x64
		{5A83ECB8-BD35-4827-982C-1356DB37BA68}.AppStore|x86.ActiveCfg = Release|x86
		{5A83ECB8-BD35-4827-982C-1356DB37BA68}.AppStore|x86.Build.0 = Release|x86
		{5A83ECB8-BD35-4827-982C-1356DB37BA68}.AppStore|x86.Deploy.0 = Release|x86
		{5A83ECB8-BD35-4827-982C-1356DB37BA68}.Debug|Any CPU.ActiveCfg = Debug|Any CPU
		{5A83ECB8-BD35-4827-982C-1356DB37BA68}.Debug|Any CPU.Build.0 = Debug|Any CPU
		{5A83ECB8-BD35-4827-982C-1356DB37BA68}.Debug|Any CPU.Deploy.0 = Debug|Any CPU
		{5A83ECB8-BD35-4827-982C-1356DB37BA68}.Debug|ARM.ActiveCfg = Debug|ARM
		{5A83ECB8-BD35-4827-982C-1356DB37BA68}.Debug|ARM.Build.0 = Debug|ARM
		{5A83ECB8-BD35-4827-982C-1356DB37BA68}.Debug|ARM.Deploy.0 = Debug|ARM
		{5A83ECB8-BD35-4827-982C-1356DB37BA68}.Debug|iPhone.ActiveCfg = Debug|Any CPU
		{5A83ECB8-BD35-4827-982C-1356DB37BA68}.Debug|iPhone.Build.0 = Debug|Any CPU
		{5A83ECB8-BD35-4827-982C-1356DB37BA68}.Debug|iPhone.Deploy.0 = Debug|Any CPU
		{5A83ECB8-BD35-4827-982C-1356DB37BA68}.Debug|iPhoneSimulator.ActiveCfg = Debug|Any CPU
		{5A83ECB8-BD35-4827-982C-1356DB37BA68}.Debug|iPhoneSimulator.Build.0 = Debug|Any CPU
		{5A83ECB8-BD35-4827-982C-1356DB37BA68}.Debug|iPhoneSimulator.Deploy.0 = Debug|Any CPU
		{5A83ECB8-BD35-4827-982C-1356DB37BA68}.Debug|x64.ActiveCfg = Debug|x64
		{5A83ECB8-BD35-4827-982C-1356DB37BA68}.Debug|x64.Build.0 = Debug|x64
		{5A83ECB8-BD35-4827-982C-1356DB37BA68}.Debug|x64.Deploy.0 = Debug|x64
		{5A83ECB8-BD35-4827-982C-1356DB37BA68}.Debug|x86.ActiveCfg = Debug|x86
		{5A83ECB8-BD35-4827-982C-1356DB37BA68}.Debug|x86.Build.0 = Debug|x86
		{5A83ECB8-BD35-4827-982C-1356DB37BA68}.Debug|x86.Deploy.0 = Debug|x86
		{5A83ECB8-BD35-4827-982C-1356DB37BA68}.Release|Any CPU.ActiveCfg = Release|Any CPU
		{5A83ECB8-BD35-4827-982C-1356DB37BA68}.Release|Any CPU.Build.0 = Release|Any CPU
		{5A83ECB8-BD35-4827-982C-1356DB37BA68}.Release|Any CPU.Deploy.0 = Release|Any CPU
		{5A83ECB8-BD35-4827-982C-1356DB37BA68}.Release|ARM.ActiveCfg = Release|ARM
		{5A83ECB8-BD35-4827-982C-1356DB37BA68}.Release|ARM.Build.0 = Release|ARM
		{5A83ECB8-BD35-4827-982C-1356DB37BA68}.Release|ARM.Deploy.0 = Release|ARM
		{5A83ECB8-BD35-4827-982C-1356DB37BA68}.Release|iPhone.ActiveCfg = Release|Any CPU
		{5A83ECB8-BD35-4827-982C-1356DB37BA68}.Release|iPhone.Build.0 = Release|Any CPU
		{5A83ECB8-BD35-4827-982C-1356DB37BA68}.Release|iPhone.Deploy.0 = Release|Any CPU
		{5A83ECB8-BD35-4827-982C-1356DB37BA68}.Release|iPhoneSimulator.ActiveCfg = Release|Any CPU
		{5A83ECB8-BD35-4827-982C-1356DB37BA68}.Release|iPhoneSimulator.Build.0 = Release|Any CPU
		{5A83ECB8-BD35-4827-982C-1356DB37BA68}.Release|iPhoneSimulator.Deploy.0 = Release|Any CPU
		{5A83ECB8-BD35-4827-982C-1356DB37BA68}.Release|x64.ActiveCfg = Release|x64
		{5A83ECB8-BD35-4827-982C-1356DB37BA68}.Release|x64.Build.0 = Release|x64
		{5A83ECB8-BD35-4827-982C-1356DB37BA68}.Release|x64.Deploy.0 = Release|x64
		{5A83ECB8-BD35-4827-982C-1356DB37BA68}.Release|x86.ActiveCfg = Release|x86
		{5A83ECB8-BD35-4827-982C-1356DB37BA68}.Release|x86.Build.0 = Release|x86
		{5A83ECB8-BD35-4827-982C-1356DB37BA68}.Release|x86.Deploy.0 = Release|x86
	EndGlobalSection
	GlobalSection(SolutionProperties) = preSolution
		HideSolutionNode = FALSE
	EndGlobalSection
EndGlobal
